// !$*UTF8*$!
{
	archiveVersion = 1;
	classes = {
	};
	objectVersion = 56;
	objects = {

/* Begin PBXBuildFile section */
		409CBCA92C50621500F809F9 /* NetflixCloneApp.swift in Sources */ = {isa = PBXBuildFile; fileRef = 409CBCA82C50621500F809F9 /* NetflixCloneApp.swift */; };
		409CBCAD2C50621600F809F9 /* Assets.xcassets in Resources */ = {isa = PBXBuildFile; fileRef = 409CBCAC2C50621600F809F9 /* Assets.xcassets */; };
		409CBCB02C50621600F809F9 /* Preview Assets.xcassets in Resources */ = {isa = PBXBuildFile; fileRef = 409CBCAF2C50621600F809F9 /* Preview Assets.xcassets */; };
		409CBCBA2C50621600F809F9 /* NetflixCloneTests.swift in Sources */ = {isa = PBXBuildFile; fileRef = 409CBCB92C50621600F809F9 /* NetflixCloneTests.swift */; };
		409CBCC42C50621600F809F9 /* NetflixCloneUITests.swift in Sources */ = {isa = PBXBuildFile; fileRef = 409CBCC32C50621600F809F9 /* NetflixCloneUITests.swift */; };
		409CBCC62C50621600F809F9 /* NetflixCloneUITestsLaunchTests.swift in Sources */ = {isa = PBXBuildFile; fileRef = 409CBCC52C50621600F809F9 /* NetflixCloneUITestsLaunchTests.swift */; };
		409CBCD52C50634300F809F9 /* NetflixHomeView.swift in Sources */ = {isa = PBXBuildFile; fileRef = 409CBCD42C50634300F809F9 /* NetflixHomeView.swift */; };
		409CBCD72C50651C00F809F9 /* NetflixFilterView.swift in Sources */ = {isa = PBXBuildFile; fileRef = 409CBCD62C50651C00F809F9 /* NetflixFilterView.swift */; };
		409CBCD92C50670B00F809F9 /* NetflixFilterBarView.swift in Sources */ = {isa = PBXBuildFile; fileRef = 409CBCD82C50670A00F809F9 /* NetflixFilterBarView.swift */; };
		409CBCDB2C50A1A500F809F9 /* NetflixHeroView.swift in Sources */ = {isa = PBXBuildFile; fileRef = 409CBCDA2C50A1A500F809F9 /* NetflixHeroView.swift */; };
		40BE7DB52C62DB6600F03F51 /* Kingfisher in Frameworks */ = {isa = PBXBuildFile; productRef = 40BE7DB42C62DB6600F03F51 /* Kingfisher */; };
		40BE7E802C63FE6900F03F51 /* FrameReader.swift in Sources */ = {isa = PBXBuildFile; fileRef = 40BE7E7F2C63FE6900F03F51 /* FrameReader.swift */; };
		40BE7E822C63FEAC00F03F51 /* VisualEffectBlur.swift in Sources */ = {isa = PBXBuildFile; fileRef = 40BE7E812C63FEAC00F03F51 /* VisualEffectBlur.swift */; };
/* End PBXBuildFile section */

/* Begin PBXContainerItemProxy section */
		409CBCB62C50621600F809F9 /* PBXContainerItemProxy */ = {
			isa = PBXContainerItemProxy;
			containerPortal = 409CBC9D2C50621500F809F9 /* Project object */;
			proxyType = 1;
			remoteGlobalIDString = 409CBCA42C50621500F809F9;
			remoteInfo = NetflixClone;
		};
		409CBCC02C50621600F809F9 /* PBXContainerItemProxy */ = {
			isa = PBXContainerItemProxy;
			containerPortal = 409CBC9D2C50621500F809F9 /* Project object */;
			proxyType = 1;
			remoteGlobalIDString = 409CBCA42C50621500F809F9;
			remoteInfo = NetflixClone;
		};
/* End PBXContainerItemProxy section */

/* Begin PBXFileReference section */
		409CBCA52C50621500F809F9 /* NetflixClone.app */ = {isa = PBXFileReference; explicitFileType = wrapper.application; includeInIndex = 0; path = NetflixClone.app; sourceTree = BUILT_PRODUCTS_DIR; };
		409CBCA82C50621500F809F9 /* NetflixCloneApp.swift */ = {isa = PBXFileReference; lastKnownFileType = sourcecode.swift; path = NetflixCloneApp.swift; sourceTree = "<group>"; };
		409CBCAC2C50621600F809F9 /* Assets.xcassets */ = {isa = PBXFileReference; lastKnownFileType = folder.assetcatalog; path = Assets.xcassets; sourceTree = "<group>"; };
		409CBCAF2C50621600F809F9 /* Preview Assets.xcassets */ = {isa = PBXFileReference; lastKnownFileType = folder.assetcatalog; path = "Preview Assets.xcassets"; sourceTree = "<group>"; };
		409CBCB52C50621600F809F9 /* NetflixCloneTests.xctest */ = {isa = PBXFileReference; explicitFileType = wrapper.cfbundle; includeInIndex = 0; path = NetflixCloneTests.xctest; sourceTree = BUILT_PRODUCTS_DIR; };
		409CBCB92C50621600F809F9 /* NetflixCloneTests.swift */ = {isa = PBXFileReference; lastKnownFileType = sourcecode.swift; path = NetflixCloneTests.swift; sourceTree = "<group>"; };
		409CBCBF2C50621600F809F9 /* NetflixCloneUITests.xctest */ = {isa = PBXFileReference; explicitFileType = wrapper.cfbundle; includeInIndex = 0; path = NetflixCloneUITests.xctest; sourceTree = BUILT_PRODUCTS_DIR; };
		409CBCC32C50621600F809F9 /* NetflixCloneUITests.swift */ = {isa = PBXFileReference; lastKnownFileType = sourcecode.swift; path = NetflixCloneUITests.swift; sourceTree = "<group>"; };
		409CBCC52C50621600F809F9 /* NetflixCloneUITestsLaunchTests.swift */ = {isa = PBXFileReference; lastKnownFileType = sourcecode.swift; path = NetflixCloneUITestsLaunchTests.swift; sourceTree = "<group>"; };
		409CBCD42C50634300F809F9 /* NetflixHomeView.swift */ = {isa = PBXFileReference; lastKnownFileType = sourcecode.swift; path = NetflixHomeView.swift; sourceTree = "<group>"; };
		409CBCD62C50651C00F809F9 /* NetflixFilterView.swift */ = {isa = PBXFileReference; lastKnownFileType = sourcecode.swift; path = NetflixFilterView.swift; sourceTree = "<group>"; };
		409CBCD82C50670A00F809F9 /* NetflixFilterBarView.swift */ = {isa = PBXFileReference; lastKnownFileType = sourcecode.swift; path = NetflixFilterBarView.swift; sourceTree = "<group>"; };
		409CBCDA2C50A1A500F809F9 /* NetflixHeroView.swift */ = {isa = PBXFileReference; lastKnownFileType = sourcecode.swift; path = NetflixHeroView.swift; sourceTree = "<group>"; };
		40BE7E7F2C63FE6900F03F51 /* FrameReader.swift */ = {isa = PBXFileReference; lastKnownFileType = sourcecode.swift; path = FrameReader.swift; sourceTree = "<group>"; };
		40BE7E812C63FEAC00F03F51 /* VisualEffectBlur.swift */ = {isa = PBXFileReference; lastKnownFileType = sourcecode.swift; path = VisualEffectBlur.swift; sourceTree = "<group>"; };
/* End PBXFileReference section */

/* Begin PBXFrameworksBuildPhase section */
		409CBCA22C50621500F809F9 /* Frameworks */ = {
			isa = PBXFrameworksBuildPhase;
			buildActionMask = 2147483647;
			files = (
				40BE7DB52C62DB6600F03F51 /* Kingfisher in Frameworks */,
			);
			runOnlyForDeploymentPostprocessing = 0;
		};
		409CBCB22C50621600F809F9 /* Frameworks */ = {
			isa = PBXFrameworksBuildPhase;
			buildActionMask = 2147483647;
			files = (
			);
			runOnlyForDeploymentPostprocessing = 0;
		};
		409CBCBC2C50621600F809F9 /* Frameworks */ = {
			isa = PBXFrameworksBuildPhase;
			buildActionMask = 2147483647;
			files = (
			);
			runOnlyForDeploymentPostprocessing = 0;
		};
/* End PBXFrameworksBuildPhase section */

/* Begin PBXGroup section */
		409CBC9C2C50621500F809F9 = {
			isa = PBXGroup;
			children = (
				409CBCA72C50621500F809F9 /* NetflixClone */,
				409CBCB82C50621600F809F9 /* NetflixCloneTests */,
				409CBCC22C50621600F809F9 /* NetflixCloneUITests */,
				409CBCA62C50621500F809F9 /* Products */,
			);
			sourceTree = "<group>";
		};
		409CBCA62C50621500F809F9 /* Products */ = {
			isa = PBXGroup;
			children = (
				409CBCA52C50621500F809F9 /* NetflixClone.app */,
				409CBCB52C50621600F809F9 /* NetflixCloneTests.xctest */,
				409CBCBF2C50621600F809F9 /* NetflixCloneUITests.xctest */,
			);
			name = Products;
			sourceTree = "<group>";
		};
		409CBCA72C50621500F809F9 /* NetflixClone */ = {
			isa = PBXGroup;
			children = (
				409CBCD32C50633100F809F9 /* Components */,
				409CBCD22C50632B00F809F9 /* Core */,
				409CBCA82C50621500F809F9 /* NetflixCloneApp.swift */,
				409CBCAC2C50621600F809F9 /* Assets.xcassets */,
				409CBCAE2C50621600F809F9 /* Preview Content */,
			);
			path = NetflixClone;
			sourceTree = "<group>";
		};
		409CBCAE2C50621600F809F9 /* Preview Content */ = {
			isa = PBXGroup;
			children = (
				409CBCAF2C50621600F809F9 /* Preview Assets.xcassets */,
			);
			path = "Preview Content";
			sourceTree = "<group>";
		};
		409CBCB82C50621600F809F9 /* NetflixCloneTests */ = {
			isa = PBXGroup;
			children = (
				409CBCB92C50621600F809F9 /* NetflixCloneTests.swift */,
			);
			path = NetflixCloneTests;
			sourceTree = "<group>";
		};
		409CBCC22C50621600F809F9 /* NetflixCloneUITests */ = {
			isa = PBXGroup;
			children = (
				409CBCC32C50621600F809F9 /* NetflixCloneUITests.swift */,
				409CBCC52C50621600F809F9 /* NetflixCloneUITestsLaunchTests.swift */,
			);
			path = NetflixCloneUITests;
			sourceTree = "<group>";
		};
		409CBCD22C50632B00F809F9 /* Core */ = {
			isa = PBXGroup;
			children = (
				40BE7E7E2C63F1D800F03F51 /* Extensions */,
				409CBCD42C50634300F809F9 /* NetflixHomeView.swift */,
			);
			path = Core;
			sourceTree = "<group>";
		};
		409CBCD32C50633100F809F9 /* Components */ = {
			isa = PBXGroup;
			children = (
				409CBCD62C50651C00F809F9 /* NetflixFilterView.swift */,
				409CBCD82C50670A00F809F9 /* NetflixFilterBarView.swift */,
				409CBCDA2C50A1A500F809F9 /* NetflixHeroView.swift */,
				40BE7E7F2C63FE6900F03F51 /* FrameReader.swift */,
				40BE7E812C63FEAC00F03F51 /* VisualEffectBlur.swift */,
			);
			path = Components;
			sourceTree = "<group>";
		};
		40BE7E7E2C63F1D800F03F51 /* Extensions */ = {
			isa = PBXGroup;
			children = (
			);
			path = Extensions;
			sourceTree = "<group>";
		};
/* End PBXGroup section */

/* Begin PBXNativeTarget section */
		409CBCA42C50621500F809F9 /* NetflixClone */ = {
			isa = PBXNativeTarget;
			buildConfigurationList = 409CBCC92C50621600F809F9 /* Build configuration list for PBXNativeTarget "NetflixClone" */;
			buildPhases = (
				409CBCA12C50621500F809F9 /* Sources */,
				409CBCA22C50621500F809F9 /* Frameworks */,
				409CBCA32C50621500F809F9 /* Resources */,
			);
			buildRules = (
			);
			dependencies = (
			);
			name = NetflixClone;
			packageProductDependencies = (
				40BE7DB42C62DB6600F03F51 /* Kingfisher */,
			);
			productName = NetflixClone;
			productReference = 409CBCA52C50621500F809F9 /* NetflixClone.app */;
			productType = "com.apple.product-type.application";
		};
		409CBCB42C50621600F809F9 /* NetflixCloneTests */ = {
			isa = PBXNativeTarget;
			buildConfigurationList = 409CBCCC2C50621600F809F9 /* Build configuration list for PBXNativeTarget "NetflixCloneTests" */;
			buildPhases = (
				409CBCB12C50621600F809F9 /* Sources */,
				409CBCB22C50621600F809F9 /* Frameworks */,
				409CBCB32C50621600F809F9 /* Resources */,
			);
			buildRules = (
			);
			dependencies = (
				409CBCB72C50621600F809F9 /* PBXTargetDependency */,
			);
			name = NetflixCloneTests;
			productName = NetflixCloneTests;
			productReference = 409CBCB52C50621600F809F9 /* NetflixCloneTests.xctest */;
			productType = "com.apple.product-type.bundle.unit-test";
		};
		409CBCBE2C50621600F809F9 /* NetflixCloneUITests */ = {
			isa = PBXNativeTarget;
			buildConfigurationList = 409CBCCF2C50621600F809F9 /* Build configuration list for PBXNativeTarget "NetflixCloneUITests" */;
			buildPhases = (
				409CBCBB2C50621600F809F9 /* Sources */,
				409CBCBC2C50621600F809F9 /* Frameworks */,
				409CBCBD2C50621600F809F9 /* Resources */,
			);
			buildRules = (
			);
			dependencies = (
				409CBCC12C50621600F809F9 /* PBXTargetDependency */,
			);
			name = NetflixCloneUITests;
			productName = NetflixCloneUITests;
			productReference = 409CBCBF2C50621600F809F9 /* NetflixCloneUITests.xctest */;
			productType = "com.apple.product-type.bundle.ui-testing";
		};
/* End PBXNativeTarget section */

/* Begin PBXProject section */
		409CBC9D2C50621500F809F9 /* Project object */ = {
			isa = PBXProject;
			attributes = {
				BuildIndependentTargetsInParallel = 1;
				LastSwiftUpdateCheck = 1530;
				LastUpgradeCheck = 1530;
				TargetAttributes = {
					409CBCA42C50621500F809F9 = {
						CreatedOnToolsVersion = 15.3;
					};
					409CBCB42C50621600F809F9 = {
						CreatedOnToolsVersion = 15.3;
						TestTargetID = 409CBCA42C50621500F809F9;
					};
					409CBCBE2C50621600F809F9 = {
						CreatedOnToolsVersion = 15.3;
						TestTargetID = 409CBCA42C50621500F809F9;
					};
				};
			};
			buildConfigurationList = 409CBCA02C50621500F809F9 /* Build configuration list for PBXProject "NetflixClone" */;
			compatibilityVersion = "Xcode 14.0";
			developmentRegion = en;
			hasScannedForEncodings = 0;
			knownRegions = (
				en,
				Base,
			);
			mainGroup = 409CBC9C2C50621500F809F9;
			packageReferences = (
				40BE7DB32C62DB6600F03F51 /* XCRemoteSwiftPackageReference "Kingfisher" */,
			);
			productRefGroup = 409CBCA62C50621500F809F9 /* Products */;
			projectDirPath = "";
			projectRoot = "";
			targets = (
				409CBCA42C50621500F809F9 /* NetflixClone */,
				409CBCB42C50621600F809F9 /* NetflixCloneTests */,
				409CBCBE2C50621600F809F9 /* NetflixCloneUITests */,
			);
		};
/* End PBXProject section */

/* Begin PBXResourcesBuildPhase section */
		409CBCA32C50621500F809F9 /* Resources */ = {
			isa = PBXResourcesBuildPhase;
			buildActionMask = 2147483647;
			files = (
				409CBCB02C50621600F809F9 /* Preview Assets.xcassets in Resources */,
				409CBCAD2C50621600F809F9 /* Assets.xcassets in Resources */,
			);
			runOnlyForDeploymentPostprocessing = 0;
		};
		409CBCB32C50621600F809F9 /* Resources */ = {
			isa = PBXResourcesBuildPhase;
			buildActionMask = 2147483647;
			files = (
			);
			runOnlyForDeploymentPostprocessing = 0;
		};
		409CBCBD2C50621600F809F9 /* Resources */ = {
			isa = PBXResourcesBuildPhase;
			buildActionMask = 2147483647;
			files = (
			);
			runOnlyForDeploymentPostprocessing = 0;
		};
/* End PBXResourcesBuildPhase section */

/* Begin PBXSourcesBuildPhase section */
		409CBCA12C50621500F809F9 /* Sources */ = {
			isa = PBXSourcesBuildPhase;
			buildActionMask = 2147483647;
			files = (
				40BE7E822C63FEAC00F03F51 /* VisualEffectBlur.swift in Sources */,
				40BE7E802C63FE6900F03F51 /* FrameReader.swift in Sources */,
				409CBCD92C50670B00F809F9 /* NetflixFilterBarView.swift in Sources */,
				409CBCD72C50651C00F809F9 /* NetflixFilterView.swift in Sources */,
				409CBCDB2C50A1A500F809F9 /* NetflixHeroView.swift in Sources */,
				409CBCA92C50621500F809F9 /* NetflixCloneApp.swift in Sources */,
				409CBCD52C50634300F809F9 /* NetflixHomeView.swift in Sources */,
			);
			runOnlyForDeploymentPostprocessing = 0;
		};
		409CBCB12C50621600F809F9 /* Sources */ = {
			isa = PBXSourcesBuildPhase;
			buildActionMask = 2147483647;
			files = (
				409CBCBA2C50621600F809F9 /* NetflixCloneTests.swift in Sources */,
			);
			runOnlyForDeploymentPostprocessing = 0;
		};
		409CBCBB2C50621600F809F9 /* Sources */ = {
			isa = PBXSourcesBuildPhase;
			buildActionMask = 2147483647;
			files = (
				409CBCC42C50621600F809F9 /* NetflixCloneUITests.swift in Sources */,
				409CBCC62C50621600F809F9 /* NetflixCloneUITestsLaunchTests.swift in Sources */,
			);
			runOnlyForDeploymentPostprocessing = 0;
		};
/* End PBXSourcesBuildPhase section */

/* Begin PBXTargetDependency section */
		409CBCB72C50621600F809F9 /* PBXTargetDependency */ = {
			isa = PBXTargetDependency;
			target = 409CBCA42C50621500F809F9 /* NetflixClone */;
			targetProxy = 409CBCB62C50621600F809F9 /* PBXContainerItemProxy */;
		};
		409CBCC12C50621600F809F9 /* PBXTargetDependency */ = {
			isa = PBXTargetDependency;
			target = 409CBCA42C50621500F809F9 /* NetflixClone */;
			targetProxy = 409CBCC02C50621600F809F9 /* PBXContainerItemProxy */;
		};
/* End PBXTargetDependency section */

/* Begin XCBuildConfiguration section */
		409CBCC72C50621600F809F9 /* Debug */ = {
			isa = XCBuildConfiguration;
			buildSettings = {
				ALWAYS_SEARCH_USER_PATHS = NO;
				ASSETCATALOG_COMPILER_GENERATE_SWIFT_ASSET_SYMBOL_EXTENSIONS = YES;
				CLANG_ANALYZER_NONNULL = YES;
				CLANG_ANALYZER_NUMBER_OBJECT_CONVERSION = YES_AGGRESSIVE;
				CLANG_CXX_LANGUAGE_STANDARD = "gnu++20";
				CLANG_ENABLE_MODULES = YES;
				CLANG_ENABLE_OBJC_ARC = YES;
				CLANG_ENABLE_OBJC_WEAK = YES;
				CLANG_WARN_BLOCK_CAPTURE_AUTORELEASING = YES;
				CLANG_WARN_BOOL_CONVERSION = YES;
				CLANG_WARN_COMMA = YES;
				CLANG_WARN_CONSTANT_CONVERSION = YES;
				CLANG_WARN_DEPRECATED_OBJC_IMPLEMENTATIONS = YES;
				CLANG_WARN_DIRECT_OBJC_ISA_USAGE = YES_ERROR;
				CLANG_WARN_DOCUMENTATION_COMMENTS = YES;
				CLANG_WARN_EMPTY_BODY = YES;
				CLANG_WARN_ENUM_CONVERSION = YES;
				CLANG_WARN_INFINITE_RECURSION = YES;
				CLANG_WARN_INT_CONVERSION = YES;
				CLANG_WARN_NON_LITERAL_NULL_CONVERSION = YES;
				CLANG_WARN_OBJC_IMPLICIT_RETAIN_SELF = YES;
				CLANG_WARN_OBJC_LITERAL_CONVERSION = YES;
				CLANG_WARN_OBJC_ROOT_CLASS = YES_ERROR;
				CLANG_WARN_QUOTED_INCLUDE_IN_FRAMEWORK_HEADER = YES;
				CLANG_WARN_RANGE_LOOP_ANALYSIS = YES;
				CLANG_WARN_STRICT_PROTOTYPES = YES;
				CLANG_WARN_SUSPICIOUS_MOVE = YES;
				CLANG_WARN_UNGUARDED_AVAILABILITY = YES_AGGRESSIVE;
				CLANG_WARN_UNREACHABLE_CODE = YES;
				CLANG_WARN__DUPLICATE_METHOD_MATCH = YES;
				COPY_PHASE_STRIP = NO;
				DEBUG_INFORMATION_FORMAT = dwarf;
				ENABLE_STRICT_OBJC_MSGSEND = YES;
				ENABLE_TESTABILITY = YES;
				ENABLE_USER_SCRIPT_SANDBOXING = YES;
				GCC_C_LANGUAGE_STANDARD = gnu17;
				GCC_DYNAMIC_NO_PIC = NO;
				GCC_NO_COMMON_BLOCKS = YES;
				GCC_OPTIMIZATION_LEVEL = 0;
				GCC_PREPROCESSOR_DEFINITIONS = (
					"DEBUG=1",
					"$(inherited)",
				);
				GCC_WARN_64_TO_32_BIT_CONVERSION = YES;
				GCC_WARN_ABOUT_RETURN_TYPE = YES_ERROR;
				GCC_WARN_UNDECLARED_SELECTOR = YES;
				GCC_WARN_UNINITIALIZED_AUTOS = YES_AGGRESSIVE;
				GCC_WARN_UNUSED_FUNCTION = YES;
				GCC_WARN_UNUSED_VARIABLE = YES;
				IPHONEOS_DEPLOYMENT_TARGET = 17.4;
				LOCALIZATION_PREFERS_STRING_CATALOGS = YES;
				MTL_ENABLE_DEBUG_INFO = INCLUDE_SOURCE;
				MTL_FAST_MATH = YES;
				ONLY_ACTIVE_ARCH = YES;
				SDKROOT = iphoneos;
				SWIFT_ACTIVE_COMPILATION_CONDITIONS = "DEBUG $(inherited)";
				SWIFT_OPTIMIZATION_LEVEL = "-Onone";
			};
			name = Debug;
		};
		409CBCC82C50621600F809F9 /* Release */ = {
			isa = XCBuildConfiguration;
			buildSettings = {
				ALWAYS_SEARCH_USER_PATHS = NO;
				ASSETCATALOG_COMPILER_GENERATE_SWIFT_ASSET_SYMBOL_EXTENSIONS = YES;
				CLANG_ANALYZER_NONNULL = YES;
				CLANG_ANALYZER_NUMBER_OBJECT_CONVERSION = YES_AGGRESSIVE;
				CLANG_CXX_LANGUAGE_STANDARD = "gnu++20";
				CLANG_ENABLE_MODULES = YES;
				CLANG_ENABLE_OBJC_ARC = YES;
				CLANG_ENABLE_OBJC_WEAK = YES;
				CLANG_WARN_BLOCK_CAPTURE_AUTORELEASING = YES;
				CLANG_WARN_BOOL_CONVERSION = YES;
				CLANG_WARN_COMMA = YES;
				CLANG_WARN_CONSTANT_CONVERSION = YES;
				CLANG_WARN_DEPRECATED_OBJC_IMPLEMENTATIONS = YES;
				CLANG_WARN_DIRECT_OBJC_ISA_USAGE = YES_ERROR;
				CLANG_WARN_DOCUMENTATION_COMMENTS = YES;
				CLANG_WARN_EMPTY_BODY = YES;
				CLANG_WARN_ENUM_CONVERSION = YES;
				CLANG_WARN_INFINITE_RECURSION = YES;
				CLANG_WARN_INT_CONVERSION = YES;
				CLANG_WARN_NON_LITERAL_NULL_CONVERSION = YES;
				CLANG_WARN_OBJC_IMPLICIT_RETAIN_SELF = YES;
				CLANG_WARN_OBJC_LITERAL_CONVERSION = YES;
				CLANG_WARN_OBJC_ROOT_CLASS = YES_ERROR;
				CLANG_WARN_QUOTED_INCLUDE_IN_FRAMEWORK_HEADER = YES;
				CLANG_WARN_RANGE_LOOP_ANALYSIS = YES;
				CLANG_WARN_STRICT_PROTOTYPES = YES;
				CLANG_WARN_SUSPICIOUS_MOVE = YES;
				CLANG_WARN_UNGUARDED_AVAILABILITY = YES_AGGRESSIVE;
				CLANG_WARN_UNREACHABLE_CODE = YES;
				CLANG_WARN__DUPLICATE_METHOD_MATCH = YES;
				COPY_PHASE_STRIP = NO;
				DEBUG_INFORMATION_FORMAT = "dwarf-with-dsym";
				ENABLE_NS_ASSERTIONS = NO;
				ENABLE_STRICT_OBJC_MSGSEND = YES;
				ENABLE_USER_SCRIPT_SANDBOXING = YES;
				GCC_C_LANGUAGE_STANDARD = gnu17;
				GCC_NO_COMMON_BLOCKS = YES;
				GCC_WARN_64_TO_32_BIT_CONVERSION = YES;
				GCC_WARN_ABOUT_RETURN_TYPE = YES_ERROR;
				GCC_WARN_UNDECLARED_SELECTOR = YES;
				GCC_WARN_UNINITIALIZED_AUTOS = YES_AGGRESSIVE;
				GCC_WARN_UNUSED_FUNCTION = YES;
				GCC_WARN_UNUSED_VARIABLE = YES;
				IPHONEOS_DEPLOYMENT_TARGET = 17.4;
				LOCALIZATION_PREFERS_STRING_CATALOGS = YES;
				MTL_ENABLE_DEBUG_INFO = NO;
				MTL_FAST_MATH = YES;
				SDKROOT = iphoneos;
				SWIFT_COMPILATION_MODE = wholemodule;
				VALIDATE_PRODUCT = YES;
			};
			name = Release;
		};
		409CBCCA2C50621600F809F9 /* Debug */ = {
			isa = XCBuildConfiguration;
			buildSettings = {
				ASSETCATALOG_COMPILER_APPICON_NAME = AppIcon;
				ASSETCATALOG_COMPILER_GLOBAL_ACCENT_COLOR_NAME = AccentColor;
				CODE_SIGN_STYLE = Automatic;
				CURRENT_PROJECT_VERSION = 1;
				DEVELOPMENT_ASSET_PATHS = "\"NetflixClone/Preview Content\"";
				DEVELOPMENT_TEAM = N5B5236N46;
				ENABLE_PREVIEWS = YES;
				GENERATE_INFOPLIST_FILE = YES;
				INFOPLIST_KEY_UIApplicationSceneManifest_Generation = YES;
				INFOPLIST_KEY_UIApplicationSupportsIndirectInputEvents = YES;
				INFOPLIST_KEY_UILaunchScreen_Generation = YES;
				INFOPLIST_KEY_UISupportedInterfaceOrientations_iPad = "UIInterfaceOrientationPortrait UIInterfaceOrientationPortraitUpsideDown UIInterfaceOrientationLandscapeLeft UIInterfaceOrientationLandscapeRight";
				INFOPLIST_KEY_UISupportedInterfaceOrientations_iPhone = "UIInterfaceOrientationPortrait UIInterfaceOrientationLandscapeLeft UIInterfaceOrientationLandscapeRight";
				LD_RUNPATH_SEARCH_PATHS = (
					"$(inherited)",
					"@executable_path/Frameworks",
				);
				MARKETING_VERSION = 1.0;
				PRODUCT_BUNDLE_IDENTIFIER = cristian.NetflixClone;
				PRODUCT_NAME = "$(TARGET_NAME)";
				SWIFT_EMIT_LOC_STRINGS = YES;
				SWIFT_VERSION = 5.0;
				TARGETED_DEVICE_FAMILY = "1,2";
			};
			name = Debug;
		};
		409CBCCB2C50621600F809F9 /* Release */ = {
			isa = XCBuildConfiguration;
			buildSettings = {
				ASSETCATALOG_COMPILER_APPICON_NAME = AppIcon;
				ASSETCATALOG_COMPILER_GLOBAL_ACCENT_COLOR_NAME = AccentColor;
				CODE_SIGN_STYLE = Automatic;
				CURRENT_PROJECT_VERSION = 1;
				DEVELOPMENT_ASSET_PATHS = "\"NetflixClone/Preview Content\"";
				DEVELOPMENT_TEAM = N5B5236N46;
				ENABLE_PREVIEWS = YES;
				GENERATE_INFOPLIST_FILE = YES;
				INFOPLIST_KEY_UIApplicationSceneManifest_Generation = YES;
				INFOPLIST_KEY_UIApplicationSupportsIndirectInputEvents = YES;
				INFOPLIST_KEY_UILaunchScreen_Generation = YES;
				INFOPLIST_KEY_UISupportedInterfaceOrientations_iPad = "UIInterfaceOrientationPortrait UIInterfaceOrientationPortraitUpsideDown UIInterfaceOrientationLandscapeLeft UIInterfaceOrientationLandscapeRight";
				INFOPLIST_KEY_UISupportedInterfaceOrientations_iPhone = "UIInterfaceOrientationPortrait UIInterfaceOrientationLandscapeLeft UIInterfaceOrientationLandscapeRight";
				LD_RUNPATH_SEARCH_PATHS = (
					"$(inherited)",
					"@executable_path/Frameworks",
				);
				MARKETING_VERSION = 1.0;
				PRODUCT_BUNDLE_IDENTIFIER = cristian.NetflixClone;
				PRODUCT_NAME = "$(TARGET_NAME)";
				SWIFT_EMIT_LOC_STRINGS = YES;
				SWIFT_VERSION = 5.0;
				TARGETED_DEVICE_FAMILY = "1,2";
			};
			name = Release;
		};
		409CBCCD2C50621600F809F9 /* Debug */ = {
			isa = XCBuildConfiguration;
			buildSettings = {
				ALWAYS_EMBED_SWIFT_STANDARD_LIBRARIES = YES;
				BUNDLE_LOADER = "$(TEST_HOST)";
				CODE_SIGN_STYLE = Automatic;
				CURRENT_PROJECT_VERSION = 1;
				DEVELOPMENT_TEAM = N5B5236N46;
				GENERATE_INFOPLIST_FILE = YES;
				IPHONEOS_DEPLOYMENT_TARGET = 17.4;
				MARKETING_VERSION = 1.0;
				PRODUCT_BUNDLE_IDENTIFIER = cristian.NetflixCloneTests;
				PRODUCT_NAME = "$(TARGET_NAME)";
				SWIFT_EMIT_LOC_STRINGS = NO;
				SWIFT_VERSION = 5.0;
				TARGETED_DEVICE_FAMILY = "1,2";
				TEST_HOST = "$(BUILT_PRODUCTS_DIR)/NetflixClone.app/$(BUNDLE_EXECUTABLE_FOLDER_PATH)/NetflixClone";
			};
			name = Debug;
		};
		409CBCCE2C50621600F809F9 /* Release */ = {
			isa = XCBuildConfiguration;
			buildSettings = {
				ALWAYS_EMBED_SWIFT_STANDARD_LIBRARIES = YES;
				BUNDLE_LOADER = "$(TEST_HOST)";
				CODE_SIGN_STYLE = Automatic;
				CURRENT_PROJECT_VERSION = 1;
				DEVELOPMENT_TEAM = N5B5236N46;
				GENERATE_INFOPLIST_FILE = YES;
				IPHONEOS_DEPLOYMENT_TARGET = 17.4;
				MARKETING_VERSION = 1.0;
				PRODUCT_BUNDLE_IDENTIFIER = cristian.NetflixCloneTests;
				PRODUCT_NAME = "$(TARGET_NAME)";
				SWIFT_EMIT_LOC_STRINGS = NO;
				SWIFT_VERSION = 5.0;
				TARGETED_DEVICE_FAMILY = "1,2";
				TEST_HOST = "$(BUILT_PRODUCTS_DIR)/NetflixClone.app/$(BUNDLE_EXECUTABLE_FOLDER_PATH)/NetflixClone";
			};
			name = Release;
		};
		409CBCD02C50621600F809F9 /* Debug */ = {
			isa = XCBuildConfiguration;
			buildSettings = {
				ALWAYS_EMBED_SWIFT_STANDARD_LIBRARIES = YES;
				CODE_SIGN_STYLE = Automatic;
				CURRENT_PROJECT_VERSION = 1;
				DEVELOPMENT_TEAM = N5B5236N46;
				GENERATE_INFOPLIST_FILE = YES;
				MARKETING_VERSION = 1.0;
				PRODUCT_BUNDLE_IDENTIFIER = cristian.NetflixCloneUITests;
				PRODUCT_NAME = "$(TARGET_NAME)";
				SWIFT_EMIT_LOC_STRINGS = NO;
				SWIFT_VERSION = 5.0;
				TARGETED_DEVICE_FAMILY = "1,2";
				TEST_TARGET_NAME = NetflixClone;
			};
			name = Debug;
		};
		409CBCD12C50621600F809F9 /* Release */ = {
			isa = XCBuildConfiguration;
			buildSettings = {
				ALWAYS_EMBED_SWIFT_STANDARD_LIBRARIES = YES;
				CODE_SIGN_STYLE = Automatic;
				CURRENT_PROJECT_VERSION = 1;
				DEVELOPMENT_TEAM = N5B5236N46;
				GENERATE_INFOPLIST_FILE = YES;
				MARKETING_VERSION = 1.0;
				PRODUCT_BUNDLE_IDENTIFIER = cristian.NetflixCloneUITests;
				PRODUCT_NAME = "$(TARGET_NAME)";
				SWIFT_EMIT_LOC_STRINGS = NO;
				SWIFT_VERSION = 5.0;
				TARGETED_DEVICE_FAMILY = "1,2";
				TEST_TARGET_NAME = NetflixClone;
			};
			name = Release;
		};
/* End XCBuildConfiguration section */

/* Begin XCConfigurationList section */
		409CBCA02C50621500F809F9 /* Build configuration list for PBXProject "NetflixClone" */ = {
			isa = XCConfigurationList;
			buildConfigurations = (
				409CBCC72C50621600F809F9 /* Debug */,
				409CBCC82C50621600F809F9 /* Release */,
			);
			defaultConfigurationIsVisible = 0;
			defaultConfigurationName = Release;
		};
		409CBCC92C50621600F809F9 /* Build configuration list for PBXNativeTarget "NetflixClone" */ = {
			isa = XCConfigurationList;
			buildConfigurations = (
				409CBCCA2C50621600F809F9 /* Debug */,
				409CBCCB2C50621600F809F9 /* Release */,
			);
			defaultConfigurationIsVisible = 0;
			defaultConfigurationName = Release;
		};
		409CBCCC2C50621600F809F9 /* Build configuration list for PBXNativeTarget "NetflixCloneTests" */ = {
			isa = XCConfigurationList;
			buildConfigurations = (
				409CBCCD2C50621600F809F9 /* Debug */,
				409CBCCE2C50621600F809F9 /* Release */,
			);
			defaultConfigurationIsVisible = 0;
			defaultConfigurationName = Release;
		};
		409CBCCF2C50621600F809F9 /* Build configuration list for PBXNativeTarget "NetflixCloneUITests" */ = {
			isa = XCConfigurationList;
			buildConfigurations = (
				409CBCD02C50621600F809F9 /* Debug */,
				409CBCD12C50621600F809F9 /* Release */,
			);
			defaultConfigurationIsVisible = 0;
			defaultConfigurationName = Release;
		};
/* End XCConfigurationList section */

/* Begin XCRemoteSwiftPackageReference section */
		40BE7DB32C62DB6600F03F51 /* XCRemoteSwiftPackageReference "Kingfisher" */ = {
			isa = XCRemoteSwiftPackageReference;
			repositoryURL = "https://github.com/onevcat/Kingfisher.git";
			requirement = {
				kind = upToNextMajorVersion;
				minimumVersion = 7.12.0;
			};
		};
/* End XCRemoteSwiftPackageReference section */

/* Begin XCSwiftPackageProductDependency section */
		40BE7DB42C62DB6600F03F51 /* Kingfisher */ = {
			isa = XCSwiftPackageProductDependency;
			package = 40BE7DB32C62DB6600F03F51 /* XCRemoteSwiftPackageReference "Kingfisher" */;
			productName = Kingfisher;
		};
/* End XCSwiftPackageProductDependency section */
	};
	rootObject = 409CBC9D2C50621500F809F9 /* Project object */;
}
